// !$*UTF8*$!
{
	archiveVersion = 1;
	classes = {
	};
	objectVersion = 77;
	objects = {

/* Begin PBXBuildFile section */
		42BEAA0A2D100AE100765F1F /* WidgetKit.framework in Frameworks */ = {isa = PBXBuildFile; fileRef = 42BEAA092D100AE100765F1F /* WidgetKit.framework */; };
		42BEAA0C2D100AE100765F1F /* SwiftUI.framework in Frameworks */ = {isa = PBXBuildFile; fileRef = 42BEAA0B2D100AE100765F1F /* SwiftUI.framework */; };
		42BEAA1D2D100AE300765F1F /* HomeWidgetExtensionExtension.appex in Embed Foundation Extensions */ = {isa = PBXBuildFile; fileRef = 42BEAA072D100AE100765F1F /* HomeWidgetExtensionExtension.appex */; settings = {ATTRIBUTES = (RemoveHeadersOnCopy, ); }; };
/* End PBXBuildFile section */

/* Begin PBXContainerItemProxy section */
		42BEA9E72D100ACA00765F1F /* PBXContainerItemProxy */ = {
			isa = PBXContainerItemProxy;
			containerPortal = 42BEA9CE2D100AC800765F1F /* Project object */;
			proxyType = 1;
			remoteGlobalIDString = 42BEA9D52D100AC800765F1F;
			remoteInfo = RevyApp;
		};
		42BEA9F12D100ACA00765F1F /* PBXContainerItemProxy */ = {
			isa = PBXContainerItemProxy;
			containerPortal = 42BEA9CE2D100AC800765F1F /* Project object */;
			proxyType = 1;
			remoteGlobalIDString = 42BEA9D52D100AC800765F1F;
			remoteInfo = RevyApp;
		};
		42BEAA1B2D100AE300765F1F /* PBXContainerItemProxy */ = {
			isa = PBXContainerItemProxy;
			containerPortal = 42BEA9CE2D100AC800765F1F /* Project object */;
			proxyType = 1;
			remoteGlobalIDString = 42BEAA062D100AE100765F1F;
			remoteInfo = HomeWidgetExtensionExtension;
		};
/* End PBXContainerItemProxy section */

/* Begin PBXCopyFilesBuildPhase section */
		42BEAA222D100AE300765F1F /* Embed Foundation Extensions */ = {
			isa = PBXCopyFilesBuildPhase;
			buildActionMask = 2147483647;
			dstPath = "";
			dstSubfolderSpec = 13;
			files = (
				42BEAA1D2D100AE300765F1F /* HomeWidgetExtensionExtension.appex in Embed Foundation Extensions */,
			);
			name = "Embed Foundation Extensions";
			runOnlyForDeploymentPostprocessing = 0;
		};
/* End PBXCopyFilesBuildPhase section */

/* Begin PBXFileReference section */
		42BEA9D62D100AC800765F1F /* RevyApp.app */ = {isa = PBXFileReference; explicitFileType = wrapper.application; includeInIndex = 0; path = RevyApp.app; sourceTree = BUILT_PRODUCTS_DIR; };
		42BEA9E62D100ACA00765F1F /* RevyAppTests.xctest */ = {isa = PBXFileReference; explicitFileType = wrapper.cfbundle; includeInIndex = 0; path = RevyAppTests.xctest; sourceTree = BUILT_PRODUCTS_DIR; };
		42BEA9F02D100ACA00765F1F /* RevyAppUITests.xctest */ = {isa = PBXFileReference; explicitFileType = wrapper.cfbundle; includeInIndex = 0; path = RevyAppUITests.xctest; sourceTree = BUILT_PRODUCTS_DIR; };
		42BEAA072D100AE100765F1F /* HomeWidgetExtensionExtension.appex */ = {isa = PBXFileReference; explicitFileType = "wrapper.app-extension"; includeInIndex = 0; path = HomeWidgetExtensionExtension.appex; sourceTree = BUILT_PRODUCTS_DIR; };
		42BEAA092D100AE100765F1F /* WidgetKit.framework */ = {isa = PBXFileReference; lastKnownFileType = wrapper.framework; name = WidgetKit.framework; path = System/Library/Frameworks/WidgetKit.framework; sourceTree = SDKROOT; };
		42BEAA0B2D100AE100765F1F /* SwiftUI.framework */ = {isa = PBXFileReference; lastKnownFileType = wrapper.framework; name = SwiftUI.framework; path = System/Library/Frameworks/SwiftUI.framework; sourceTree = SDKROOT; };
/* End PBXFileReference section */

/* Begin PBXFileSystemSynchronizedBuildFileExceptionSet section */
		42BEAA1E2D100AE300765F1F /* Exceptions for "HomeWidgetExtension" folder in "HomeWidgetExtensionExtension" target */ = {
			isa = PBXFileSystemSynchronizedBuildFileExceptionSet;
			membershipExceptions = (
				Info.plist,
			);
			target = 42BEAA062D100AE100765F1F /* HomeWidgetExtensionExtension */;
		};
/* End PBXFileSystemSynchronizedBuildFileExceptionSet section */

/* Begin PBXFileSystemSynchronizedRootGroup section */
		42BEA9D82D100AC800765F1F /* RevyApp */ = {
			isa = PBXFileSystemSynchronizedRootGroup;
			path = RevyApp;
			sourceTree = "<group>";
		};
		42BEA9E92D100ACA00765F1F /* RevyAppTests */ = {
			isa = PBXFileSystemSynchronizedRootGroup;
			path = RevyAppTests;
			sourceTree = "<group>";
		};
		42BEA9F32D100ACA00765F1F /* RevyAppUITests */ = {
			isa = PBXFileSystemSynchronizedRootGroup;
			path = RevyAppUITests;
			sourceTree = "<group>";
		};
		42BEAA0D2D100AE100765F1F /* HomeWidgetExtension */ = {
			isa = PBXFileSystemSynchronizedRootGroup;
			exceptions = (
				42BEAA1E2D100AE300765F1F /* Exceptions for "HomeWidgetExtension" folder in "HomeWidgetExtensionExtension" target */,
			);
			path = HomeWidgetExtension;
			sourceTree = "<group>";
		};
/* End PBXFileSystemSynchronizedRootGroup section */

/* Begin PBXFrameworksBuildPhase section */
		42BEA9D32D100AC800765F1F /* Frameworks */ = {
			isa = PBXFrameworksBuildPhase;
			buildActionMask = 2147483647;
			files = (
			);
			runOnlyForDeploymentPostprocessing = 0;
		};
		42BEA9E32D100ACA00765F1F /* Frameworks */ = {
			isa = PBXFrameworksBuildPhase;
			buildActionMask = 2147483647;
			files = (
			);
			runOnlyForDeploymentPostprocessing = 0;
		};
		42BEA9ED2D100ACA00765F1F /* Frameworks */ = {
			isa = PBXFrameworksBuildPhase;
			buildActionMask = 2147483647;
			files = (
			);
			runOnlyForDeploymentPostprocessing = 0;
		};
		42BEAA042D100AE100765F1F /* Frameworks */ = {
			isa = PBXFrameworksBuildPhase;
			buildActionMask = 2147483647;
			files = (
				42BEAA0C2D100AE100765F1F /* SwiftUI.framework in Frameworks */,
				42BEAA0A2D100AE100765F1F /* WidgetKit.framework in Frameworks */,
			);
			runOnlyForDeploymentPostprocessing = 0;
		};
/* End PBXFrameworksBuildPhase section */

/* Begin PBXGroup section */
		42BEA9CD2D100AC800765F1F = {
			isa = PBXGroup;
			children = (
				42BEA9D82D100AC800765F1F /* RevyApp */,
				42BEA9E92D100ACA00765F1F /* RevyAppTests */,
				42BEA9F32D100ACA00765F1F /* RevyAppUITests */,
				42BEAA0D2D100AE100765F1F /* HomeWidgetExtension */,
				42BEAA082D100AE100765F1F /* Frameworks */,
				42BEA9D72D100AC800765F1F /* Products */,
			);
			sourceTree = "<group>";
		};
		42BEA9D72D100AC800765F1F /* Products */ = {
			isa = PBXGroup;
			children = (
				42BEA9D62D100AC800765F1F /* RevyApp.app */,
				42BEA9E62D100ACA00765F1F /* RevyAppTests.xctest */,
				42BEA9F02D100ACA00765F1F /* RevyAppUITests.xctest */,
				42BEAA072D100AE100765F1F /* HomeWidgetExtensionExtension.appex */,
			);
			name = Products;
			sourceTree = "<group>";
		};
		42BEAA082D100AE100765F1F /* Frameworks */ = {
			isa = PBXGroup;
			children = (
				42BEAA092D100AE100765F1F /* WidgetKit.framework */,
				42BEAA0B2D100AE100765F1F /* SwiftUI.framework */,
			);
			name = Frameworks;
			sourceTree = "<group>";
		};
/* End PBXGroup section */

/* Begin PBXNativeTarget section */
		42BEA9D52D100AC800765F1F /* RevyApp */ = {
			isa = PBXNativeTarget;
			buildConfigurationList = 42BEA9FA2D100ACA00765F1F /* Build configuration list for PBXNativeTarget "RevyApp" */;
			buildPhases = (
				42BEA9D22D100AC800765F1F /* Sources */,
				42BEA9D32D100AC800765F1F /* Frameworks */,
				42BEA9D42D100AC800765F1F /* Resources */,
				42BEAA222D100AE300765F1F /* Embed Foundation Extensions */,
			);
			buildRules = (
			);
			dependencies = (
				42BEAA1C2D100AE300765F1F /* PBXTargetDependency */,
			);
			fileSystemSynchronizedGroups = (
				42BEA9D82D100AC800765F1F /* RevyApp */,
			);
			name = RevyApp;
			packageProductDependencies = (
			);
			productName = RevyApp;
			productReference = 42BEA9D62D100AC800765F1F /* RevyApp.app */;
			productType = "com.apple.product-type.application";
		};
		42BEA9E52D100ACA00765F1F /* RevyAppTests */ = {
			isa = PBXNativeTarget;
			buildConfigurationList = 42BEA9FD2D100ACA00765F1F /* Build configuration list for PBXNativeTarget "RevyAppTests" */;
			buildPhases = (
				42BEA9E22D100ACA00765F1F /* Sources */,
				42BEA9E32D100ACA00765F1F /* Frameworks */,
				42BEA9E42D100ACA00765F1F /* Resources */,
			);
			buildRules = (
			);
			dependencies = (
				42BEA9E82D100ACA00765F1F /* PBXTargetDependency */,
			);
			fileSystemSynchronizedGroups = (
				42BEA9E92D100ACA00765F1F /* RevyAppTests */,
			);
			name = RevyAppTests;
			packageProductDependencies = (
			);
			productName = RevyAppTests;
			productReference = 42BEA9E62D100ACA00765F1F /* RevyAppTests.xctest */;
			productType = "com.apple.product-type.bundle.unit-test";
		};
		42BEA9EF2D100ACA00765F1F /* RevyAppUITests */ = {
			isa = PBXNativeTarget;
			buildConfigurationList = 42BEAA002D100ACA00765F1F /* Build configuration list for PBXNativeTarget "RevyAppUITests" */;
			buildPhases = (
				42BEA9EC2D100ACA00765F1F /* Sources */,
				42BEA9ED2D100ACA00765F1F /* Frameworks */,
				42BEA9EE2D100ACA00765F1F /* Resources */,
			);
			buildRules = (
			);
			dependencies = (
				42BEA9F22D100ACA00765F1F /* PBXTargetDependency */,
			);
			fileSystemSynchronizedGroups = (
				42BEA9F32D100ACA00765F1F /* RevyAppUITests */,
			);
			name = RevyAppUITests;
			packageProductDependencies = (
			);
			productName = RevyAppUITests;
			productReference = 42BEA9F02D100ACA00765F1F /* RevyAppUITests.xctest */;
			productType = "com.apple.product-type.bundle.ui-testing";
		};
		42BEAA062D100AE100765F1F /* HomeWidgetExtensionExtension */ = {
			isa = PBXNativeTarget;
			buildConfigurationList = 42BEAA1F2D100AE300765F1F /* Build configuration list for PBXNativeTarget "HomeWidgetExtensionExtension" */;
			buildPhases = (
				42BEAA032D100AE100765F1F /* Sources */,
				42BEAA042D100AE100765F1F /* Frameworks */,
				42BEAA052D100AE100765F1F /* Resources */,
			);
			buildRules = (
			);
			dependencies = (
			);
			fileSystemSynchronizedGroups = (
				42BEAA0D2D100AE100765F1F /* HomeWidgetExtension */,
			);
			name = HomeWidgetExtensionExtension;
			packageProductDependencies = (
			);
			productName = HomeWidgetExtensionExtension;
			productReference = 42BEAA072D100AE100765F1F /* HomeWidgetExtensionExtension.appex */;
			productType = "com.apple.product-type.app-extension";
		};
/* End PBXNativeTarget section */

/* Begin PBXProject section */
		42BEA9CE2D100AC800765F1F /* Project object */ = {
			isa = PBXProject;
			attributes = {
				BuildIndependentTargetsInParallel = 1;
				LastSwiftUpdateCheck = 1620;
				LastUpgradeCheck = 1620;
				TargetAttributes = {
					42BEA9D52D100AC800765F1F = {
						CreatedOnToolsVersion = 16.2;
					};
					42BEA9E52D100ACA00765F1F = {
						CreatedOnToolsVersion = 16.2;
						TestTargetID = 42BEA9D52D100AC800765F1F;
					};
					42BEA9EF2D100ACA00765F1F = {
						CreatedOnToolsVersion = 16.2;
						TestTargetID = 42BEA9D52D100AC800765F1F;
					};
					42BEAA062D100AE100765F1F = {
						CreatedOnToolsVersion = 16.2;
					};
				};
			};
			buildConfigurationList = 42BEA9D12D100AC800765F1F /* Build configuration list for PBXProject "RevyApp" */;
			developmentRegion = en;
			hasScannedForEncodings = 0;
			knownRegions = (
				en,
				Base,
			);
			mainGroup = 42BEA9CD2D100AC800765F1F;
			minimizedProjectReferenceProxies = 1;
			preferredProjectObjectVersion = 77;
			productRefGroup = 42BEA9D72D100AC800765F1F /* Products */;
			projectDirPath = "";
			projectRoot = "";
			targets = (
				42BEA9D52D100AC800765F1F /* RevyApp */,
				42BEA9E52D100ACA00765F1F /* RevyAppTests */,
				42BEA9EF2D100ACA00765F1F /* RevyAppUITests */,
				42BEAA062D100AE100765F1F /* HomeWidgetExtensionExtension */,
			);
		};
/* End PBXProject section */

/* Begin PBXResourcesBuildPhase section */
		42BEA9D42D100AC800765F1F /* Resources */ = {
			isa = PBXResourcesBuildPhase;
			buildActionMask = 2147483647;
			files = (
			);
			runOnlyForDeploymentPostprocessing = 0;
		};
		42BEA9E42D100ACA00765F1F /* Resources */ = {
			isa = PBXResourcesBuildPhase;
			buildActionMask = 2147483647;
			files = (
			);
			runOnlyForDeploymentPostprocessing = 0;
		};
		42BEA9EE2D100ACA00765F1F /* Resources */ = {
			isa = PBXResourcesBuildPhase;
			buildActionMask = 2147483647;
			files = (
			);
			runOnlyForDeploymentPostprocessing = 0;
		};
		42BEAA052D100AE100765F1F /* Resources */ = {
			isa = PBXResourcesBuildPhase;
			buildActionMask = 2147483647;
			files = (
			);
			runOnlyForDeploymentPostprocessing = 0;
		};
/* End PBXResourcesBuildPhase section */

/* Begin PBXSourcesBuildPhase section */
		42BEA9D22D100AC800765F1F /* Sources */ = {
			isa = PBXSourcesBuildPhase;
			buildActionMask = 2147483647;
			files = (
			);
			runOnlyForDeploymentPostprocessing = 0;
		};
		42BEA9E22D100ACA00765F1F /* Sources */ = {
			isa = PBXSourcesBuildPhase;
			buildActionMask = 2147483647;
			files = (
			);
			runOnlyForDeploymentPostprocessing = 0;
		};
		42BEA9EC2D100ACA00765F1F /* Sources */ = {
			isa = PBXSourcesBuildPhase;
			buildActionMask = 2147483647;
			files = (
			);
			runOnlyForDeploymentPostprocessing = 0;
		};
		42BEAA032D100AE100765F1F /* Sources */ = {
			isa = PBXSourcesBuildPhase;
			buildActionMask = 2147483647;
			files = (
			);
			runOnlyForDeploymentPostprocessing = 0;
		};
/* End PBXSourcesBuildPhase section */

/* Begin PBXTargetDependency section */
		42BEA9E82D100ACA00765F1F /* PBXTargetDependency */ = {
			isa = PBXTargetDependency;
			target = 42BEA9D52D100AC800765F1F /* RevyApp */;
			targetProxy = 42BEA9E72D100ACA00765F1F /* PBXContainerItemProxy */;
		};
		42BEA9F22D100ACA00765F1F /* PBXTargetDependency */ = {
			isa = PBXTargetDependency;
			target = 42BEA9D52D100AC800765F1F /* RevyApp */;
			targetProxy = 42BEA9F12D100ACA00765F1F /* PBXContainerItemProxy */;
		};
		42BEAA1C2D100AE300765F1F /* PBXTargetDependency */ = {
			isa = PBXTargetDependency;
			target = 42BEAA062D100AE100765F1F /* HomeWidgetExtensionExtension */;
			targetProxy = 42BEAA1B2D100AE300765F1F /* PBXContainerItemProxy */;
		};
/* End PBXTargetDependency section */

/* Begin XCBuildConfiguration section */
		42BEA9F82D100ACA00765F1F /* Debug */ = {
			isa = XCBuildConfiguration;
			buildSettings = {
				ALWAYS_SEARCH_USER_PATHS = NO;
				ASSETCATALOG_COMPILER_GENERATE_SWIFT_ASSET_SYMBOL_EXTENSIONS = YES;
				CLANG_ANALYZER_NONNULL = YES;
				CLANG_ANALYZER_NUMBER_OBJECT_CONVERSION = YES_AGGRESSIVE;
				CLANG_CXX_LANGUAGE_STANDARD = "gnu++20";
				CLANG_ENABLE_MODULES = YES;
				CLANG_ENABLE_OBJC_ARC = YES;
				CLANG_ENABLE_OBJC_WEAK = YES;
				CLANG_WARN_BLOCK_CAPTURE_AUTORELEASING = YES;
				CLANG_WARN_BOOL_CONVERSION = YES;
				CLANG_WARN_COMMA = YES;
				CLANG_WARN_CONSTANT_CONVERSION = YES;
				CLANG_WARN_DEPRECATED_OBJC_IMPLEMENTATIONS = YES;
				CLANG_WARN_DIRECT_OBJC_ISA_USAGE = YES_ERROR;
				CLANG_WARN_DOCUMENTATION_COMMENTS = YES;
				CLANG_WARN_EMPTY_BODY = YES;
				CLANG_WARN_ENUM_CONVERSION = YES;
				CLANG_WARN_INFINITE_RECURSION = YES;
				CLANG_WARN_INT_CONVERSION = YES;
				CLANG_WARN_NON_LITERAL_NULL_CONVERSION = YES;
				CLANG_WARN_OBJC_IMPLICIT_RETAIN_SELF = YES;
				CLANG_WARN_OBJC_LITERAL_CONVERSION = YES;
				CLANG_WARN_OBJC_ROOT_CLASS = YES_ERROR;
				CLANG_WARN_QUOTED_INCLUDE_IN_FRAMEWORK_HEADER = YES;
				CLANG_WARN_RANGE_LOOP_ANALYSIS = YES;
				CLANG_WARN_STRICT_PROTOTYPES = YES;
				CLANG_WARN_SUSPICIOUS_MOVE = YES;
				CLANG_WARN_UNGUARDED_AVAILABILITY = YES_AGGRESSIVE;
				CLANG_WARN_UNREACHABLE_CODE = YES;
				CLANG_WARN__DUPLICATE_METHOD_MATCH = YES;
				COPY_PHASE_STRIP = NO;
				DEBUG_INFORMATION_FORMAT = dwarf;
				ENABLE_STRICT_OBJC_MSGSEND = YES;
				ENABLE_TESTABILITY = YES;
				ENABLE_USER_SCRIPT_SANDBOXING = YES;
				GCC_C_LANGUAGE_STANDARD = gnu17;
				GCC_DYNAMIC_NO_PIC = NO;
				GCC_NO_COMMON_BLOCKS = YES;
				GCC_OPTIMIZATION_LEVEL = 0;
				GCC_PREPROCESSOR_DEFINITIONS = (
					"DEBUG=1",
					"$(inherited)",
				);
				GCC_WARN_64_TO_32_BIT_CONVERSION = YES;
				GCC_WARN_ABOUT_RETURN_TYPE = YES_ERROR;
				GCC_WARN_UNDECLARED_SELECTOR = YES;
				GCC_WARN_UNINITIALIZED_AUTOS = YES_AGGRESSIVE;
				GCC_WARN_UNUSED_FUNCTION = YES;
				GCC_WARN_UNUSED_VARIABLE = YES;
				IPHONEOS_DEPLOYMENT_TARGET = 18.2;
				LOCALIZATION_PREFERS_STRING_CATALOGS = YES;
				MTL_ENABLE_DEBUG_INFO = INCLUDE_SOURCE;
				MTL_FAST_MATH = YES;
				ONLY_ACTIVE_ARCH = YES;
				SDKROOT = iphoneos;
				SWIFT_ACTIVE_COMPILATION_CONDITIONS = "DEBUG $(inherited)";
				SWIFT_OPTIMIZATION_LEVEL = "-Onone";
			};
			name = Debug;
		};
		42BEA9F92D100ACA00765F1F /* Release */ = {
			isa = XCBuildConfiguration;
			buildSettings = {
				ALWAYS_SEARCH_USER_PATHS = NO;
				ASSETCATALOG_COMPILER_GENERATE_SWIFT_ASSET_SYMBOL_EXTENSIONS = YES;
				CLANG_ANALYZER_NONNULL = YES;
				CLANG_ANALYZER_NUMBER_OBJECT_CONVERSION = YES_AGGRESSIVE;
				CLANG_CXX_LANGUAGE_STANDARD = "gnu++20";
				CLANG_ENABLE_MODULES = YES;
				CLANG_ENABLE_OBJC_ARC = YES;
				CLANG_ENABLE_OBJC_WEAK = YES;
				CLANG_WARN_BLOCK_CAPTURE_AUTORELEASING = YES;
				CLANG_WARN_BOOL_CONVERSION = YES;
				CLANG_WARN_COMMA = YES;
				CLANG_WARN_CONSTANT_CONVERSION = YES;
				CLANG_WARN_DEPRECATED_OBJC_IMPLEMENTATIONS = YES;
				CLANG_WARN_DIRECT_OBJC_ISA_USAGE = YES_ERROR;
				CLANG_WARN_DOCUMENTATION_COMMENTS = YES;
				CLANG_WARN_EMPTY_BODY = YES;
				CLANG_WARN_ENUM_CONVERSION = YES;
				CLANG_WARN_INFINITE_RECURSION = YES;
				CLANG_WARN_INT_CONVERSION = YES;
				CLANG_WARN_NON_LITERAL_NULL_CONVERSION = YES;
				CLANG_WARN_OBJC_IMPLICIT_RETAIN_SELF = YES;
				CLANG_WARN_OBJC_LITERAL_CONVERSION = YES;
				CLANG_WARN_OBJC_ROOT_CLASS = YES_ERROR;
				CLANG_WARN_QUOTED_INCLUDE_IN_FRAMEWORK_HEADER = YES;
				CLANG_WARN_RANGE_LOOP_ANALYSIS = YES;
				CLANG_WARN_STRICT_PROTOTYPES = YES;
				CLANG_WARN_SUSPICIOUS_MOVE = YES;
				CLANG_WARN_UNGUARDED_AVAILABILITY = YES_AGGRESSIVE;
				CLANG_WARN_UNREACHABLE_CODE = YES;
				CLANG_WARN__DUPLICATE_METHOD_MATCH = YES;
				COPY_PHASE_STRIP = NO;
				DEBUG_INFORMATION_FORMAT = "dwarf-with-dsym";
				ENABLE_NS_ASSERTIONS = NO;
				ENABLE_STRICT_OBJC_MSGSEND = YES;
				ENABLE_USER_SCRIPT_SANDBOXING = YES;
				GCC_C_LANGUAGE_STANDARD = gnu17;
				GCC_NO_COMMON_BLOCKS = YES;
				GCC_WARN_64_TO_32_BIT_CONVERSION = YES;
				GCC_WARN_ABOUT_RETURN_TYPE = YES_ERROR;
				GCC_WARN_UNDECLARED_SELECTOR = YES;
				GCC_WARN_UNINITIALIZED_AUTOS = YES_AGGRESSIVE;
				GCC_WARN_UNUSED_FUNCTION = YES;
				GCC_WARN_UNUSED_VARIABLE = YES;
				IPHONEOS_DEPLOYMENT_TARGET = 18.2;
				LOCALIZATION_PREFERS_STRING_CATALOGS = YES;
				MTL_ENABLE_DEBUG_INFO = NO;
				MTL_FAST_MATH = YES;
				SDKROOT = iphoneos;
				SWIFT_COMPILATION_MODE = wholemodule;
				VALIDATE_PRODUCT = YES;
			};
			name = Release;
		};
		42BEA9FB2D100ACA00765F1F /* Debug */ = {
			isa = XCBuildConfiguration;
			buildSettings = {
				ASSETCATALOG_COMPILER_APPICON_NAME = AppIcon;
				ASSETCATALOG_COMPILER_GLOBAL_ACCENT_COLOR_NAME = AccentColor;
				CODE_SIGN_STYLE = Automatic;
				CURRENT_PROJECT_VERSION = 1;
				DEVELOPMENT_ASSET_PATHS = "\"RevyApp/Preview Content\"";
				ENABLE_PREVIEWS = YES;
				GENERATE_INFOPLIST_FILE = YES;
				INFOPLIST_KEY_UIApplicationSceneManifest_Generation = YES;
				INFOPLIST_KEY_UIApplicationSupportsIndirectInputEvents = YES;
				INFOPLIST_KEY_UILaunchScreen_Generation = YES;
				INFOPLIST_KEY_UISupportedInterfaceOrientations_iPad = "UIInterfaceOrientationPortrait UIInterfaceOrientationPortraitUpsideDown UIInterfaceOrientationLandscapeLeft UIInterfaceOrientationLandscapeRight";
				INFOPLIST_KEY_UISupportedInterfaceOrientations_iPhone = "UIInterfaceOrientationPortrait UIInterfaceOrientationLandscapeLeft UIInterfaceOrientationLandscapeRight";
				LD_RUNPATH_SEARCH_PATHS = (
					"$(inherited)",
					"@executable_path/Frameworks",
				);
				MARKETING_VERSION = 1.0;
				PRODUCT_BUNDLE_IDENTIFIER = "Tim-Hildebrand.RevyApp";
				PRODUCT_NAME = "$(TARGET_NAME)";
				SWIFT_EMIT_LOC_STRINGS = YES;
				SWIFT_VERSION = 5.0;
				TARGETED_DEVICE_FAMILY = "1,2";
			};
			name = Debug;
		};
		42BEA9FC2D100ACA00765F1F /* Release */ = {
			isa = XCBuildConfiguration;
			buildSettings = {
				ASSETCATALOG_COMPILER_APPICON_NAME = AppIcon;
				ASSETCATALOG_COMPILER_GLOBAL_ACCENT_COLOR_NAME = AccentColor;
				CODE_SIGN_STYLE = Automatic;
				CURRENT_PROJECT_VERSION = 1;
				DEVELOPMENT_ASSET_PATHS = "\"RevyApp/Preview Content\"";
				ENABLE_PREVIEWS = YES;
				GENERATE_INFOPLIST_FILE = YES;
				INFOPLIST_KEY_UIApplicationSceneManifest_Generation = YES;
				INFOPLIST_KEY_UIApplicationSupportsIndirectInputEvents = YES;
				INFOPLIST_KEY_UILaunchScreen_Generation = YES;
				INFOPLIST_KEY_UISupportedInterfaceOrientations_iPad = "UIInterfaceOrientationPortrait UIInterfaceOrientationPortraitUpsideDown UIInterfaceOrientationLandscapeLeft UIInterfaceOrientationLandscapeRight";
				INFOPLIST_KEY_UISupportedInterfaceOrientations_iPhone = "UIInterfaceOrientationPortrait UIInterfaceOrientationLandscapeLeft UIInterfaceOrientationLandscapeRight";
				LD_RUNPATH_SEARCH_PATHS = (
					"$(inherited)",
					"@executable_path/Frameworks",
				);
				MARKETING_VERSION = 1.0;
				PRODUCT_BUNDLE_IDENTIFIER = "Tim-Hildebrand.RevyApp";
				PRODUCT_NAME = "$(TARGET_NAME)";
				SWIFT_EMIT_LOC_STRINGS = YES;
				SWIFT_VERSION = 5.0;
				TARGETED_DEVICE_FAMILY = "1,2";
			};
			name = Release;
		};
		42BEA9FE2D100ACA00765F1F /* Debug */ = {
			isa = XCBuildConfiguration;
			buildSettings = {
				BUNDLE_LOADER = "$(TEST_HOST)";
				CODE_SIGN_STYLE = Automatic;
				CURRENT_PROJECT_VERSION = 1;
				GENERATE_INFOPLIST_FILE = YES;
				IPHONEOS_DEPLOYMENT_TARGET = 18.2;
				MARKETING_VERSION = 1.0;
				PRODUCT_BUNDLE_IDENTIFIER = "Tim-Hildebrand.RevyAppTests";
				PRODUCT_NAME = "$(TARGET_NAME)";
				SWIFT_EMIT_LOC_STRINGS = NO;
				SWIFT_VERSION = 5.0;
				TARGETED_DEVICE_FAMILY = "1,2";
				TEST_HOST = "$(BUILT_PRODUCTS_DIR)/RevyApp.app/$(BUNDLE_EXECUTABLE_FOLDER_PATH)/RevyApp";
			};
			name = Debug;
		};
		42BEA9FF2D100ACA00765F1F /* Release */ = {
			isa = XCBuildConfiguration;
			buildSettings = {
				BUNDLE_LOADER = "$(TEST_HOST)";
				CODE_SIGN_STYLE = Automatic;
				CURRENT_PROJECT_VERSION = 1;
				GENERATE_INFOPLIST_FILE = YES;
				IPHONEOS_DEPLOYMENT_TARGET = 18.2;
				MARKETING_VERSION = 1.0;
				PRODUCT_BUNDLE_IDENTIFIER = "Tim-Hildebrand.RevyAppTests";
				PRODUCT_NAME = "$(TARGET_NAME)";
				SWIFT_EMIT_LOC_STRINGS = NO;
				SWIFT_VERSION = 5.0;
				TARGETED_DEVICE_FAMILY = "1,2";
				TEST_HOST = "$(BUILT_PRODUCTS_DIR)/RevyApp.app/$(BUNDLE_EXECUTABLE_FOLDER_PATH)/RevyApp";
			};
			name = Release;
		};
		42BEAA012D100ACA00765F1F /* Debug */ = {
			isa = XCBuildConfiguration;
			buildSettings = {
				CODE_SIGN_STYLE = Automatic;
				CURRENT_PROJECT_VERSION = 1;
				GENERATE_INFOPLIST_FILE = YES;
				MARKETING_VERSION = 1.0;
				PRODUCT_BUNDLE_IDENTIFIER = "Tim-Hildebrand.RevyAppUITests";
				PRODUCT_NAME = "$(TARGET_NAME)";
				SWIFT_EMIT_LOC_STRINGS = NO;
				SWIFT_VERSION = 5.0;
				TARGETED_DEVICE_FAMILY = "1,2";
				TEST_TARGET_NAME = RevyApp;
			};
			name = Debug;
		};
		42BEAA022D100ACA00765F1F /* Release */ = {
			isa = XCBuildConfiguration;
			buildSettings = {
				CODE_SIGN_STYLE = Automatic;
				CURRENT_PROJECT_VERSION = 1;
				GENERATE_INFOPLIST_FILE = YES;
				MARKETING_VERSION = 1.0;
				PRODUCT_BUNDLE_IDENTIFIER = "Tim-Hildebrand.RevyAppUITests";
				PRODUCT_NAME = "$(TARGET_NAME)";
				SWIFT_EMIT_LOC_STRINGS = NO;
				SWIFT_VERSION = 5.0;
				TARGETED_DEVICE_FAMILY = "1,2";
				TEST_TARGET_NAME = RevyApp;
			};
			name = Release;
		};
		42BEAA202D100AE300765F1F /* Debug */ = {
			isa = XCBuildConfiguration;
			buildSettings = {
				ASSETCATALOG_COMPILER_GLOBAL_ACCENT_COLOR_NAME = AccentColor;
				ASSETCATALOG_COMPILER_WIDGET_BACKGROUND_COLOR_NAME = WidgetBackground;
				CODE_SIGN_STYLE = Automatic;
				CURRENT_PROJECT_VERSION = 1;
				GENERATE_INFOPLIST_FILE = YES;
				INFOPLIST_FILE = HomeWidgetExtension/Info.plist;
				INFOPLIST_KEY_CFBundleDisplayName = HomeWidgetExtension;
				INFOPLIST_KEY_NSHumanReadableCopyright = "";
				LD_RUNPATH_SEARCH_PATHS = (
					"$(inherited)",
					"@executable_path/Frameworks",
					"@executable_path/../../Frameworks",
				);
				MARKETING_VERSION = 1.0;
				PRODUCT_BUNDLE_IDENTIFIER = "Tim-Hildebrand.RevyApp.HomeWidgetExtension";
				PRODUCT_NAME = "$(TARGET_NAME)";
				SKIP_INSTALL = YES;
				SWIFT_EMIT_LOC_STRINGS = YES;
				SWIFT_VERSION = 5.0;
				TARGETED_DEVICE_FAMILY = "1,2";
			};
			name = Debug;
		};
		42BEAA212D100AE300765F1F /* Release */ = {
			isa = XCBuildConfiguration;
			buildSettings = {
				ASSETCATALOG_COMPILER_GLOBAL_ACCENT_COLOR_NAME = AccentColor;
				ASSETCATALOG_COMPILER_WIDGET_BACKGROUND_COLOR_NAME = WidgetBackground;
				CODE_SIGN_STYLE = Automatic;
				CURRENT_PROJECT_VERSION = 1;
				GENERATE_INFOPLIST_FILE = YES;
				INFOPLIST_FILE = HomeWidgetExtension/Info.plist;
				INFOPLIST_KEY_CFBundleDisplayName = HomeWidgetExtension;
				INFOPLIST_KEY_NSHumanReadableCopyright = "";
				LD_RUNPATH_SEARCH_PATHS = (
					"$(inherited)",
					"@executable_path/Frameworks",
					"@executable_path/../../Frameworks",
				);
				MARKETING_VERSION = 1.0;
				PRODUCT_BUNDLE_IDENTIFIER = "Tim-Hildebrand.RevyApp.HomeWidgetExtension";
				PRODUCT_NAME = "$(TARGET_NAME)";
				SKIP_INSTALL = YES;
				SWIFT_EMIT_LOC_STRINGS = YES;
				SWIFT_VERSION = 5.0;
				TARGETED_DEVICE_FAMILY = "1,2";
			};
			name = Release;
		};
/* End XCBuildConfiguration section */

/* Begin XCConfigurationList section */
		42BEA9D12D100AC800765F1F /* Build configuration list for PBXProject "RevyApp" */ = {
			isa = XCConfigurationList;
			buildConfigurations = (
				42BEA9F82D100ACA00765F1F /* Debug */,
				42BEA9F92D100ACA00765F1F /* Release */,
			);
			defaultConfigurationIsVisible = 0;
			defaultConfigurationName = Release;
		};
		42BEA9FA2D100ACA00765F1F /* Build configuration list for PBXNativeTarget "RevyApp" */ = {
			isa = XCConfigurationList;
			buildConfigurations = (
				42BEA9FB2D100ACA00765F1F /* Debug */,
				42BEA9FC2D100ACA00765F1F /* Release */,
			);
			defaultConfigurationIsVisible = 0;
			defaultConfigurationName = Release;
		};
		42BEA9FD2D100ACA00765F1F /* Build configuration list for PBXNativeTarget "RevyAppTests" */ = {
			isa = XCConfigurationList;
			buildConfigurations = (
				42BEA9FE2D100ACA00765F1F /* Debug */,
				42BEA9FF2D100ACA00765F1F /* Release */,
			);
			defaultConfigurationIsVisible = 0;
			defaultConfigurationName = Release;
		};
		42BEAA002D100ACA00765F1F /* Build configuration list for PBXNativeTarget "RevyAppUITests" */ = {
			isa = XCConfigurationList;
			buildConfigurations = (
				42BEAA012D100ACA00765F1F /* Debug */,
				42BEAA022D100ACA00765F1F /* Release */,
			);
			defaultConfigurationIsVisible = 0;
			defaultConfigurationName = Release;
		};
		42BEAA1F2D100AE300765F1F /* Build configuration list for PBXNativeTarget "HomeWidgetExtensionExtension" */ = {
			isa = XCConfigurationList;
			buildConfigurations = (
				42BEAA202D100AE300765F1F /* Debug */,
				42BEAA212D100AE300765F1F /* Release */,
			);
			defaultConfigurationIsVisible = 0;
			defaultConfigurationName = Release;
		};
/* End XCConfigurationList section */
	};
	rootObject = 42BEA9CE2D100AC800765F1F /* Project object */;
}
